<?xml version="1.0" encoding="utf-8"?>
<Project ToolsVersion="4.0" xmlns="http://schemas.microsoft.com/developer/msbuild/2003">
  <ItemGroup>
    <Filter Include="GDENG-2 Project">
      <UniqueIdentifier>{20FA1509-8C85-83CD-9596-06C201A1DFCD}</UniqueIdentifier>
    </Filter>
    <Filter Include="GDENG-2 Project\Component">
      <UniqueIdentifier>{82FADEDA-EEBC-1265-376D-A1F1A36EEB42}</UniqueIdentifier>
    </Filter>
    <Filter Include="GDENG-2 Project\GameObject">
      <UniqueIdentifier>{A020DE4D-8C30-8A1E-F5E9-EE3CE11879B7}</UniqueIdentifier>
    </Filter>
    <Filter Include="GDENG-2 Project\ImGui">
      <UniqueIdentifier>{4A877936-B6F3-3431-7FE7-CC8EEB125799}</UniqueIdentifier>
    </Filter>
    <Filter Include="GDENG-2 Project\RenderView">
      <UniqueIdentifier>{CAD8F31F-B6E8-9FF0-1FA2-040F0BD18E89}</UniqueIdentifier>
    </Filter>
    <Filter Include="GDENG-2 Project\System">
      <UniqueIdentifier>{3449EF1D-2043-1870-09B0-AE80F5487EDC}</UniqueIdentifier>
    </Filter>
    <Filter Include="Header Files">
      <UniqueIdentifier>{21EB8090-0D4E-1035-B6D3-48EBA215DCB7}</UniqueIdentifier>
    </Filter>
    <Filter Include="Source Files">
      <UniqueIdentifier>{E9C7FDCE-D52A-8D73-7EB0-C5296AF258F6}</UniqueIdentifier>
    </Filter>
  </ItemGroup>
  <ItemGroup>
    <ClInclude Include="GDENG-2 Project\AGameObject.h">
      <Filter>Header Files</Filter>
    </ClInclude>
    <ClInclude Include="GDENG-2 Project\AUIScreen.h">
      <Filter>Header Files</Filter>
    </ClInclude>
    <ClInclude Include="GDENG-2 Project\AppWindow.h">
      <Filter>Header Files</Filter>
    </ClInclude>
    <ClInclude Include="GDENG-2 Project\Camera.h">
      <Filter>Header Files</Filter>
    </ClInclude>
    <ClInclude Include="GDENG-2 Project\CameraMovement.h">
      <Filter>Header Files</Filter>
    </ClInclude>
    <ClInclude Include="GDENG-2 Project\Color.h">
      <Filter>Header Files</Filter>
    </ClInclude>
    <ClInclude Include="GDENG-2 Project\Component\AComponent.h">
      <Filter>GDENG-2 Project\Component</Filter>
    </ClInclude>
    <ClInclude Include="GDENG-2 Project\Component\RenderComponent.h">
      <Filter>GDENG-2 Project\Component</Filter>
    </ClInclude>
    <ClInclude Include="GDENG-2 Project\Component\TagComponent.h">
      <Filter>GDENG-2 Project\Component</Filter>
    </ClInclude>
    <ClInclude Include="GDENG-2 Project\Component\TransformComponent.h">
      <Filter>GDENG-2 Project\Component</Filter>
    </ClInclude>
    <ClInclude Include="GDENG-2 Project\ConstantBuffer.h">
      <Filter>Header Files</Filter>
    </ClInclude>
    <ClInclude Include="GDENG-2 Project\CreditsScreen.h">
      <Filter>Header Files</Filter>
    </ClInclude>
    <ClInclude Include="GDENG-2 Project\Debug.h">
      <Filter>Header Files</Filter>
    </ClInclude>
    <ClInclude Include="GDENG-2 Project\DeviceContext.h">
      <Filter>Header Files</Filter>
    </ClInclude>
    <ClInclude Include="GDENG-2 Project\EngineTime.h">
      <Filter>Header Files</Filter>
    </ClInclude>
    <ClInclude Include="GDENG-2 Project\GameCameraHandler.h">
      <Filter>Header Files</Filter>
    </ClInclude>
    <ClInclude Include="GDENG-2 Project\GameObject\AGameObject.h">
      <Filter>GDENG-2 Project\GameObject</Filter>
    </ClInclude>
    <ClInclude Include="GDENG-2 Project\GameObject\Cube.h">
      <Filter>GDENG-2 Project\GameObject</Filter>
    </ClInclude>
    <ClInclude Include="GDENG-2 Project\GameObject\Cylinder.h">
      <Filter>GDENG-2 Project\GameObject</Filter>
    </ClInclude>
    <ClInclude Include="GDENG-2 Project\GameObject\Plane.h">
      <Filter>GDENG-2 Project\GameObject</Filter>
    </ClInclude>
    <ClInclude Include="GDENG-2 Project\GameObject\Rectangle.h">
      <Filter>GDENG-2 Project\GameObject</Filter>
    </ClInclude>
    <ClInclude Include="GDENG-2 Project\GameObject\Sphere.h">
      <Filter>GDENG-2 Project\GameObject</Filter>
    </ClInclude>
    <ClInclude Include="GDENG-2 Project\GameObject\Triangle.h">
      <Filter>GDENG-2 Project\GameObject</Filter>
    </ClInclude>
    <ClInclude Include="GDENG-2 Project\GameObjectManager.h">
      <Filter>Header Files</Filter>
    </ClInclude>
    <ClInclude Include="GDENG-2 Project\GameWindow.h">
      <Filter>Header Files</Filter>
    </ClInclude>
    <ClInclude Include="GDENG-2 Project\GraphicsEngine.h">
      <Filter>Header Files</Filter>
    </ClInclude>
    <ClInclude Include="GDENG-2 Project\HierarchyScreen.h">
      <Filter>Header Files</Filter>
    </ClInclude>
    <ClInclude Include="GDENG-2 Project\ImGui\imconfig.h">
      <Filter>GDENG-2 Project\ImGui</Filter>
    </ClInclude>
    <ClInclude Include="GDENG-2 Project\ImGui\imgui.h">
      <Filter>GDENG-2 Project\ImGui</Filter>
    </ClInclude>
    <ClInclude Include="GDENG-2 Project\ImGui\imgui_impl_dx11.h">
      <Filter>GDENG-2 Project\ImGui</Filter>
    </ClInclude>
    <ClInclude Include="GDENG-2 Project\ImGui\imgui_impl_win32.h">
      <Filter>GDENG-2 Project\ImGui</Filter>
    </ClInclude>
    <ClInclude Include="GDENG-2 Project\ImGui\imgui_internal.h">
      <Filter>GDENG-2 Project\ImGui</Filter>
    </ClInclude>
    <ClInclude Include="GDENG-2 Project\ImGui\imstb_rectpack.h">
      <Filter>GDENG-2 Project\ImGui</Filter>
    </ClInclude>
    <ClInclude Include="GDENG-2 Project\ImGui\imstb_textedit.h">
      <Filter>GDENG-2 Project\ImGui</Filter>
    </ClInclude>
    <ClInclude Include="GDENG-2 Project\ImGui\imstb_truetype.h">
      <Filter>GDENG-2 Project\ImGui</Filter>
    </ClInclude>
    <ClInclude Include="GDENG-2 Project\IndexBuffer.h">
      <Filter>Header Files</Filter>
    </ClInclude>
    <ClInclude Include="GDENG-2 Project\InputListener.h">
      <Filter>Header Files</Filter>
    </ClInclude>
    <ClInclude Include="GDENG-2 Project\InputSystem.h">
      <Filter>Header Files</Filter>
    </ClInclude>
    <ClInclude Include="GDENG-2 Project\InspectorScreen.h">
      <Filter>Header Files</Filter>
    </ClInclude>
    <ClInclude Include="GDENG-2 Project\Mathf.h">
      <Filter>Header Files</Filter>
    </ClInclude>
    <ClInclude Include="GDENG-2 Project\Matrix4x4.h">
      <Filter>Header Files</Filter>
    </ClInclude>
    <ClInclude Include="GDENG-2 Project\MenuScreen.h">
      <Filter>Header Files</Filter>
    </ClInclude>
    <ClInclude Include="GDENG-2 Project\PixelShader.h">
      <Filter>Header Files</Filter>
    </ClInclude>
    <ClInclude Include="GDENG-2 Project\Point.h">
      <Filter>Header Files</Filter>
    </ClInclude>
    <ClInclude Include="GDENG-2 Project\Primitive.h">
      <Filter>Header Files</Filter>
    </ClInclude>
    <ClInclude Include="GDENG-2 Project\ProfilerScreen.h">
      <Filter>Header Files</Filter>
    </ClInclude>
    <ClInclude Include="GDENG-2 Project\Random.h">
      <Filter>Header Files</Filter>
    </ClInclude>
    <ClInclude Include="GDENG-2 Project\RenderData.h">
      <Filter>Header Files</Filter>
    </ClInclude>
    <ClInclude Include="GDENG-2 Project\RenderView\Framebuffer.h">
      <Filter>GDENG-2 Project\RenderView</Filter>
    </ClInclude>
    <ClInclude Include="GDENG-2 Project\RenderView\RenderQuad.h">
      <Filter>GDENG-2 Project\RenderView</Filter>
    </ClInclude>
    <ClInclude Include="GDENG-2 Project\RenderView\RenderView.h">
      <Filter>GDENG-2 Project\RenderView</Filter>
    </ClInclude>
    <ClInclude Include="GDENG-2 Project\RenderView\SceneViewScreen.h">
      <Filter>GDENG-2 Project\RenderView</Filter>
    </ClInclude>
    <ClInclude Include="GDENG-2 Project\SceneCameraHandler.h">
      <Filter>Header Files</Filter>
    </ClInclude>
    <ClInclude Include="GDENG-2 Project\ShaderLibrary.h">
      <Filter>Header Files</Filter>
    </ClInclude>
    <ClInclude Include="GDENG-2 Project\SwapChain.h">
      <Filter>Header Files</Filter>
    </ClInclude>
    <ClInclude Include="GDENG-2 Project\System\RenderSystem.h">
      <Filter>GDENG-2 Project\System</Filter>
    </ClInclude>
    <ClInclude Include="GDENG-2 Project\System\SystemHandler.h">
      <Filter>GDENG-2 Project\System</Filter>
    </ClInclude>
    <ClInclude Include="GDENG-2 Project\System\TagSystem.h">
      <Filter>GDENG-2 Project\System</Filter>
    </ClInclude>
    <ClInclude Include="GDENG-2 Project\System\TransformSystem.h">
      <Filter>GDENG-2 Project\System</Filter>
    </ClInclude>
    <ClInclude Include="GDENG-2 Project\SystemManager.h">
      <Filter>Header Files</Filter>
    </ClInclude>
    <ClInclude Include="GDENG-2 Project\UIManager.h">
      <Filter>Header Files</Filter>
    </ClInclude>
    <ClInclude Include="GDENG-2 Project\UINames.h">
      <Filter>Header Files</Filter>
    </ClInclude>
    <ClInclude Include="GDENG-2 Project\Utils.h">
      <Filter>Header Files</Filter>
    </ClInclude>
    <ClInclude Include="GDENG-2 Project\Vector2Da.h">
      <Filter>Header Files</Filter>
    </ClInclude>
    <ClInclude Include="GDENG-2 Project\Vector3D.h">
      <Filter>Header Files</Filter>
    </ClInclude>
    <ClInclude Include="GDENG-2 Project\Vector4D.h">
      <Filter>Header Files</Filter>
    </ClInclude>
    <ClInclude Include="GDENG-2 Project\VertexBuffer.h">
      <Filter>Header Files</Filter>
    </ClInclude>
    <ClInclude Include="GDENG-2 Project\VertexShader.h">
      <Filter>Header Files</Filter>
    </ClInclude>
    <ClInclude Include="GDENG-2 Project\Window.h">
      <Filter>Header Files</Filter>
    </ClInclude>
  </ItemGroup>
  <ItemGroup>
    <ClCompile Include="GDENG-2 Project\AUIScreen.cpp">
      <Filter>Source Files</Filter>
    </ClCompile>
    <ClCompile Include="GDENG-2 Project\AppWindow.cpp">
      <Filter>Source Files</Filter>
    </ClCompile>
    <ClCompile Include="GDENG-2 Project\Camera.cpp">
      <Filter>Source Files</Filter>
    </ClCompile>
    <ClCompile Include="GDENG-2 Project\CameraMovement.cpp">
      <Filter>Source Files</Filter>
    </ClCompile>
    <ClCompile Include="GDENG-2 Project\Color.cpp">
      <Filter>Source Files</Filter>
    </ClCompile>
    <ClCompile Include="GDENG-2 Project\Component\AComponent.cpp">
      <Filter>GDENG-2 Project\Component</Filter>
    </ClCompile>
    <ClCompile Include="GDENG-2 Project\Component\RenderComponent.cpp">
      <Filter>GDENG-2 Project\Component</Filter>
    </ClCompile>
    <ClCompile Include="GDENG-2 Project\Component\TagComponent.cpp">
      <Filter>GDENG-2 Project\Component</Filter>
    </ClCompile>
    <ClCompile Include="GDENG-2 Project\Component\TransformComponent.cpp">
      <Filter>GDENG-2 Project\Component</Filter>
    </ClCompile>
    <ClCompile Include="GDENG-2 Project\ConstantBuffer.cpp">
      <Filter>Source Files</Filter>
    </ClCompile>
    <ClCompile Include="GDENG-2 Project\CreditsScreen.cpp">
      <Filter>Source Files</Filter>
    </ClCompile>
    <ClCompile Include="GDENG-2 Project\Debug.cpp">
      <Filter>Source Files</Filter>
    </ClCompile>
    <ClCompile Include="GDENG-2 Project\DeviceContext.cpp">
      <Filter>Source Files</Filter>
    </ClCompile>
    <ClCompile Include="GDENG-2 Project\EngineTime.cpp">
      <Filter>Source Files</Filter>
    </ClCompile>
    <ClCompile Include="GDENG-2 Project\GameCameraHandler.cpp">
      <Filter>Source Files</Filter>
    </ClCompile>
    <ClCompile Include="GDENG-2 Project\GameObject\AGameObject.cpp">
      <Filter>GDENG-2 Project\GameObject</Filter>
    </ClCompile>
    <ClCompile Include="GDENG-2 Project\GameObject\Cube.cpp">
      <Filter>GDENG-2 Project\GameObject</Filter>
    </ClCompile>
    <ClCompile Include="GDENG-2 Project\GameObject\Cylinder.cpp">
      <Filter>GDENG-2 Project\GameObject</Filter>
    </ClCompile>
    <ClCompile Include="GDENG-2 Project\GameObject\Plane.cpp">
      <Filter>GDENG-2 Project\GameObject</Filter>
    </ClCompile>
    <ClCompile Include="GDENG-2 Project\GameObject\Rectangle.cpp">
      <Filter>GDENG-2 Project\GameObject</Filter>
    </ClCompile>
    <ClCompile Include="GDENG-2 Project\GameObject\Sphere.cpp">
      <Filter>GDENG-2 Project\GameObject</Filter>
    </ClCompile>
    <ClCompile Include="GDENG-2 Project\GameObject\Triangle.cpp">
      <Filter>GDENG-2 Project\GameObject</Filter>
    </ClCompile>
    <ClCompile Include="GDENG-2 Project\GameObjectManager.cpp">
      <Filter>Source Files</Filter>
    </ClCompile>
    <ClCompile Include="GDENG-2 Project\GameWindow.cpp">
      <Filter>Source Files</Filter>
    </ClCompile>
    <ClCompile Include="GDENG-2 Project\GraphicsEngine.cpp">
      <Filter>Source Files</Filter>
    </ClCompile>
    <ClCompile Include="GDENG-2 Project\HierarchyScreen.cpp">
      <Filter>Source Files</Filter>
    </ClCompile>
    <ClCompile Include="GDENG-2 Project\ImGui\imgui.cpp">
      <Filter>GDENG-2 Project\ImGui</Filter>
    </ClCompile>
    <ClCompile Include="GDENG-2 Project\ImGui\imgui_demo.cpp">
      <Filter>GDENG-2 Project\ImGui</Filter>
    </ClCompile>
    <ClCompile Include="GDENG-2 Project\ImGui\imgui_draw.cpp">
      <Filter>GDENG-2 Project\ImGui</Filter>
    </ClCompile>
    <ClCompile Include="GDENG-2 Project\ImGui\imgui_impl_dx11.cpp">
      <Filter>GDENG-2 Project\ImGui</Filter>
    </ClCompile>
    <ClCompile Include="GDENG-2 Project\ImGui\imgui_impl_win32.cpp">
      <Filter>GDENG-2 Project\ImGui</Filter>
    </ClCompile>
    <ClCompile Include="GDENG-2 Project\ImGui\imgui_tables.cpp">
      <Filter>GDENG-2 Project\ImGui</Filter>
    </ClCompile>
    <ClCompile Include="GDENG-2 Project\ImGui\imgui_widgets.cpp">
      <Filter>GDENG-2 Project\ImGui</Filter>
    </ClCompile>
    <ClCompile Include="GDENG-2 Project\IndexBuffer.cpp">
      <Filter>Source Files</Filter>
    </ClCompile>
    <ClCompile Include="GDENG-2 Project\InputSystem.cpp">
      <Filter>Source Files</Filter>
    </ClCompile>
    <ClCompile Include="GDENG-2 Project\InspectorScreen.cpp">
      <Filter>Source Files</Filter>
    </ClCompile>
    <ClCompile Include="GDENG-2 Project\Mathf.cpp">
      <Filter>Source Files</Filter>
    </ClCompile>
    <ClCompile Include="GDENG-2 Project\Matrix4x4.cpp">
      <Filter>Source Files</Filter>
    </ClCompile>
    <ClCompile Include="GDENG-2 Project\MenuScreen.cpp">
      <Filter>Source Files</Filter>
    </ClCompile>
    <ClCompile Include="GDENG-2 Project\PixelShader.cpp">
      <Filter>Source Files</Filter>
    </ClCompile>
    <ClCompile Include="GDENG-2 Project\Point.cpp">
      <Filter>Source Files</Filter>
    </ClCompile>
    <ClCompile Include="GDENG-2 Project\Primitive.cpp">
      <Filter>Source Files</Filter>
    </ClCompile>
    <ClCompile Include="GDENG-2 Project\ProfilerScreen.cpp">
      <Filter>Source Files</Filter>
    </ClCompile>
    <ClCompile Include="GDENG-2 Project\Random.cpp">
      <Filter>Source Files</Filter>
    </ClCompile>
    <ClCompile Include="GDENG-2 Project\RenderView\Framebuffer.cpp">
      <Filter>GDENG-2 Project\RenderView</Filter>
    </ClCompile>
    <ClCompile Include="GDENG-2 Project\RenderView\RenderQuad.cpp">
      <Filter>GDENG-2 Project\RenderView</Filter>
    </ClCompile>
    <ClCompile Include="GDENG-2 Project\RenderView\RenderView.cpp">
      <Filter>GDENG-2 Project\RenderView</Filter>
    </ClCompile>
    <ClCompile Include="GDENG-2 Project\RenderView\SceneViewScreen.cpp">
      <Filter>GDENG-2 Project\RenderView</Filter>
    </ClCompile>
    <ClCompile Include="GDENG-2 Project\SceneCameraHandler.cpp">
      <Filter>Source Files</Filter>
    </ClCompile>
    <ClCompile Include="GDENG-2 Project\ShaderLibrary.cpp">
      <Filter>Source Files</Filter>
    </ClCompile>
    <ClCompile Include="GDENG-2 Project\SwapChain.cpp">
      <Filter>Source Files</Filter>
    </ClCompile>
    <ClCompile Include="GDENG-2 Project\System\RenderSystem.cpp">
      <Filter>GDENG-2 Project\System</Filter>
    </ClCompile>
    <ClCompile Include="GDENG-2 Project\System\SystemHandler.cpp">
      <Filter>GDENG-2 Project\System</Filter>
    </ClCompile>
    <ClCompile Include="GDENG-2 Project\System\TagSystem.cpp">
      <Filter>GDENG-2 Project\System</Filter>
    </ClCompile>
    <ClCompile Include="GDENG-2 Project\System\TransformSystem.cpp">
      <Filter>GDENG-2 Project\System</Filter>
    </ClCompile>
    <ClCompile Include="GDENG-2 Project\SystemManager.cpp">
      <Filter>Source Files</Filter>
    </ClCompile>
    <ClCompile Include="GDENG-2 Project\UIManager.cpp">
      <Filter>Source Files</Filter>
    </ClCompile>
    <ClCompile Include="GDENG-2 Project\Utils.cpp">
      <Filter>Source Files</Filter>
    </ClCompile>
    <ClCompile Include="GDENG-2 Project\Vector2Da.cpp">
      <Filter>Source Files</Filter>
    </ClCompile>
    <ClCompile Include="GDENG-2 Project\Vector3D.cpp">
      <Filter>Source Files</Filter>
    </ClCompile>
    <ClCompile Include="GDENG-2 Project\Vector4D.cpp">
      <Filter>Source Files</Filter>
    </ClCompile>
    <ClCompile Include="GDENG-2 Project\VertexBuffer.cpp">
      <Filter>Source Files</Filter>
    </ClCompile>
    <ClCompile Include="GDENG-2 Project\VertexShader.cpp">
      <Filter>Source Files</Filter>
    </ClCompile>
    <ClCompile Include="GDENG-2 Project\Window.cpp">
      <Filter>Source Files</Filter>
    </ClCompile>
    <ClCompile Include="GDENG-2 Project\main.cpp">
      <Filter>Source Files</Filter>
    </ClCompile>
  </ItemGroup>
</Project>