<?xml version="1.0" encoding="utf-8"?>
<Project ToolsVersion="4.0" xmlns="http://schemas.microsoft.com/developer/msbuild/2003">
  <ItemGroup>
    <Filter Include="GDENG-2 Project">
      <UniqueIdentifier>{20FA1509-8C85-83CD-9596-06C201A1DFCD}</UniqueIdentifier>
    </Filter>
    <Filter Include="GDENG-2 Project\ImGui">
      <UniqueIdentifier>{4A877936-B6F3-3431-7FE7-CC8EEB125799}</UniqueIdentifier>
    </Filter>
    <Filter Include="Header Files">
      <UniqueIdentifier>{21EB8090-0D4E-1035-B6D3-48EBA215DCB7}</UniqueIdentifier>
    </Filter>
    <Filter Include="Source Files">
      <UniqueIdentifier>{E9C7FDCE-D52A-8D73-7EB0-C5296AF258F6}</UniqueIdentifier>
    </Filter>
  </ItemGroup>
  <ItemGroup>
    <ClInclude Include="GDENG-2 Project\AGameObject.h">
      <Filter>Header Files</Filter>
    </ClInclude>
    <ClInclude Include="GDENG-2 Project\AUIScreen.h">
      <Filter>Header Files</Filter>
    </ClInclude>
    <ClInclude Include="GDENG-2 Project\AppWindow.h">
      <Filter>Header Files</Filter>
    </ClInclude>
    <ClInclude Include="GDENG-2 Project\Camera.h">
      <Filter>Header Files</Filter>
    </ClInclude>
    <ClInclude Include="GDENG-2 Project\ConstantBuffer.h">
      <Filter>Header Files</Filter>
    </ClInclude>
    <ClInclude Include="GDENG-2 Project\CreditsScreen.h">
      <Filter>Header Files</Filter>
    </ClInclude>
    <ClInclude Include="GDENG-2 Project\Cube.h">
      <Filter>Header Files</Filter>
    </ClInclude>
    <ClInclude Include="GDENG-2 Project\Cylinder.h">
      <Filter>Header Files</Filter>
    </ClInclude>
    <ClInclude Include="GDENG-2 Project\DeviceContext.h">
      <Filter>Header Files</Filter>
    </ClInclude>
    <ClInclude Include="GDENG-2 Project\EngineTime.h">
      <Filter>Header Files</Filter>
    </ClInclude>
    <ClInclude Include="GDENG-2 Project\GameWindow.h">
      <Filter>Header Files</Filter>
    </ClInclude>
    <ClInclude Include="GDENG-2 Project\GraphicsEngine.h">
      <Filter>Header Files</Filter>
    </ClInclude>
    <ClInclude Include="GDENG-2 Project\HierarchyScreen.h">
      <Filter>Header Files</Filter>
    </ClInclude>
    <ClInclude Include="GDENG-2 Project\ImGui\imconfig.h">
      <Filter>GDENG-2 Project\ImGui</Filter>
    </ClInclude>
    <ClInclude Include="GDENG-2 Project\ImGui\imgui.h">
      <Filter>GDENG-2 Project\ImGui</Filter>
    </ClInclude>
    <ClInclude Include="GDENG-2 Project\ImGui\imgui_impl_dx11.h">
      <Filter>GDENG-2 Project\ImGui</Filter>
    </ClInclude>
    <ClInclude Include="GDENG-2 Project\ImGui\imgui_impl_win32.h">
      <Filter>GDENG-2 Project\ImGui</Filter>
    </ClInclude>
    <ClInclude Include="GDENG-2 Project\ImGui\imgui_internal.h">
      <Filter>GDENG-2 Project\ImGui</Filter>
    </ClInclude>
    <ClInclude Include="GDENG-2 Project\ImGui\imstb_rectpack.h">
      <Filter>GDENG-2 Project\ImGui</Filter>
    </ClInclude>
    <ClInclude Include="GDENG-2 Project\ImGui\imstb_textedit.h">
      <Filter>GDENG-2 Project\ImGui</Filter>
    </ClInclude>
    <ClInclude Include="GDENG-2 Project\ImGui\imstb_truetype.h">
      <Filter>GDENG-2 Project\ImGui</Filter>
    </ClInclude>
    <ClInclude Include="GDENG-2 Project\IndexBuffer.h">
      <Filter>Header Files</Filter>
    </ClInclude>
    <ClInclude Include="GDENG-2 Project\InputListener.h">
      <Filter>Header Files</Filter>
    </ClInclude>
    <ClInclude Include="GDENG-2 Project\InputSystem.h">
      <Filter>Header Files</Filter>
    </ClInclude>
    <ClInclude Include="GDENG-2 Project\InspectorScreen.h">
      <Filter>Header Files</Filter>
    </ClInclude>
    <ClInclude Include="GDENG-2 Project\Mathf.h">
      <Filter>Header Files</Filter>
    </ClInclude>
    <ClInclude Include="GDENG-2 Project\Matrix4x4.h">
      <Filter>Header Files</Filter>
    </ClInclude>
    <ClInclude Include="GDENG-2 Project\MenuScreen.h">
      <Filter>Header Files</Filter>
    </ClInclude>
    <ClInclude Include="GDENG-2 Project\PixelShader.h">
      <Filter>Header Files</Filter>
    </ClInclude>
    <ClInclude Include="GDENG-2 Project\Plane.h">
      <Filter>Header Files</Filter>
    </ClInclude>
    <ClInclude Include="GDENG-2 Project\Point.h">
      <Filter>Header Files</Filter>
    </ClInclude>
    <ClInclude Include="GDENG-2 Project\ProfilerScreen.h">
      <Filter>Header Files</Filter>
    </ClInclude>
    <ClInclude Include="GDENG-2 Project\Rectangle.h">
      <Filter>Header Files</Filter>
    </ClInclude>
    <ClInclude Include="GDENG-2 Project\SceneCameraHandler.h">
      <Filter>Header Files</Filter>
    </ClInclude>
    <ClInclude Include="GDENG-2 Project\Sphere.h">
      <Filter>Header Files</Filter>
    </ClInclude>
    <ClInclude Include="GDENG-2 Project\SwapChain.h">
      <Filter>Header Files</Filter>
    </ClInclude>
    <ClInclude Include="GDENG-2 Project\Triangle.h">
      <Filter>Header Files</Filter>
    </ClInclude>
    <ClInclude Include="GDENG-2 Project\UIManager.h">
      <Filter>Header Files</Filter>
    </ClInclude>
    <ClInclude Include="GDENG-2 Project\UINames.h">
      <Filter>Header Files</Filter>
    </ClInclude>
    <ClInclude Include="GDENG-2 Project\Vector3D.h">
      <Filter>Header Files</Filter>
    </ClInclude>
    <ClInclude Include="GDENG-2 Project\Vector4D.h">
      <Filter>Header Files</Filter>
    </ClInclude>
    <ClInclude Include="GDENG-2 Project\VertexBuffer.h">
      <Filter>Header Files</Filter>
    </ClInclude>
    <ClInclude Include="GDENG-2 Project\VertexShader.h">
      <Filter>Header Files</Filter>
    </ClInclude>
    <ClInclude Include="GDENG-2 Project\Viewport.h">
      <Filter>Header Files</Filter>
    </ClInclude>
    <ClInclude Include="GDENG-2 Project\Window.h">
      <Filter>Header Files</Filter>
    </ClInclude>
    <ClInclude Include="GDENG-2 Project\GameObjectManager.h">
      <Filter>Header Files</Filter>
    </ClInclude>
  </ItemGroup>
  <ItemGroup>
    <ClCompile Include="GDENG-2 Project\AGameObject.cpp">
      <Filter>Source Files</Filter>
    </ClCompile>
    <ClCompile Include="GDENG-2 Project\AUIScreen.cpp">
      <Filter>Source Files</Filter>
    </ClCompile>
    <ClCompile Include="GDENG-2 Project\AppWindow.cpp">
      <Filter>Source Files</Filter>
    </ClCompile>
    <ClCompile Include="GDENG-2 Project\Camera.cpp">
      <Filter>Source Files</Filter>
    </ClCompile>
    <ClCompile Include="GDENG-2 Project\ConstantBuffer.cpp">
      <Filter>Source Files</Filter>
    </ClCompile>
    <ClCompile Include="GDENG-2 Project\CreditsScreen.cpp">
      <Filter>Source Files</Filter>
    </ClCompile>
    <ClCompile Include="GDENG-2 Project\Cube.cpp">
      <Filter>Source Files</Filter>
    </ClCompile>
    <ClCompile Include="GDENG-2 Project\Cylinder.cpp">
      <Filter>Source Files</Filter>
    </ClCompile>
    <ClCompile Include="GDENG-2 Project\DeviceContext.cpp">
      <Filter>Source Files</Filter>
    </ClCompile>
    <ClCompile Include="GDENG-2 Project\EngineTime.cpp">
      <Filter>Source Files</Filter>
    </ClCompile>
    <ClCompile Include="GDENG-2 Project\GameWindow.cpp">
      <Filter>Source Files</Filter>
    </ClCompile>
    <ClCompile Include="GDENG-2 Project\GraphicsEngine.cpp">
      <Filter>Source Files</Filter>
    </ClCompile>
    <ClCompile Include="GDENG-2 Project\HierarchyScreen.cpp">
      <Filter>Source Files</Filter>
    </ClCompile>
    <ClCompile Include="GDENG-2 Project\ImGui\imgui.cpp">
      <Filter>GDENG-2 Project\ImGui</Filter>
    </ClCompile>
    <ClCompile Include="GDENG-2 Project\ImGui\imgui_demo.cpp">
      <Filter>GDENG-2 Project\ImGui</Filter>
    </ClCompile>
    <ClCompile Include="GDENG-2 Project\ImGui\imgui_draw.cpp">
      <Filter>GDENG-2 Project\ImGui</Filter>
    </ClCompile>
    <ClCompile Include="GDENG-2 Project\ImGui\imgui_impl_dx11.cpp">
      <Filter>GDENG-2 Project\ImGui</Filter>
    </ClCompile>
    <ClCompile Include="GDENG-2 Project\ImGui\imgui_impl_win32.cpp">
      <Filter>GDENG-2 Project\ImGui</Filter>
    </ClCompile>
    <ClCompile Include="GDENG-2 Project\ImGui\imgui_tables.cpp">
      <Filter>GDENG-2 Project\ImGui</Filter>
    </ClCompile>
    <ClCompile Include="GDENG-2 Project\ImGui\imgui_widgets.cpp">
      <Filter>GDENG-2 Project\ImGui</Filter>
    </ClCompile>
    <ClCompile Include="GDENG-2 Project\IndexBuffer.cpp">
      <Filter>Source Files</Filter>
    </ClCompile>
    <ClCompile Include="GDENG-2 Project\InputSystem.cpp">
      <Filter>Source Files</Filter>
    </ClCompile>
    <ClCompile Include="GDENG-2 Project\InspectorScreen.cpp">
      <Filter>Source Files</Filter>
    </ClCompile>
    <ClCompile Include="GDENG-2 Project\Mathf.cpp">
      <Filter>Source Files</Filter>
    </ClCompile>
    <ClCompile Include="GDENG-2 Project\Matrix4x4.cpp">
      <Filter>Source Files</Filter>
    </ClCompile>
    <ClCompile Include="GDENG-2 Project\MenuScreen.cpp">
      <Filter>Source Files</Filter>
    </ClCompile>
    <ClCompile Include="GDENG-2 Project\PixelShader.cpp">
      <Filter>Source Files</Filter>
    </ClCompile>
    <ClCompile Include="GDENG-2 Project\Plane.cpp">
      <Filter>Source Files</Filter>
    </ClCompile>
    <ClCompile Include="GDENG-2 Project\Point.cpp">
      <Filter>Source Files</Filter>
    </ClCompile>
    <ClCompile Include="GDENG-2 Project\ProfilerScreen.cpp">
      <Filter>Source Files</Filter>
    </ClCompile>
    <ClCompile Include="GDENG-2 Project\Rectangle.cpp">
      <Filter>Source Files</Filter>
    </ClCompile>
    <ClCompile Include="GDENG-2 Project\SceneCameraHandler.cpp">
      <Filter>Source Files</Filter>
    </ClCompile>
    <ClCompile Include="GDENG-2 Project\Sphere.cpp">
      <Filter>Source Files</Filter>
    </ClCompile>
    <ClCompile Include="GDENG-2 Project\SwapChain.cpp">
      <Filter>Source Files</Filter>
    </ClCompile>
    <ClCompile Include="GDENG-2 Project\Triangle.cpp">
      <Filter>Source Files</Filter>
    </ClCompile>
    <ClCompile Include="GDENG-2 Project\UIManager.cpp">
      <Filter>Source Files</Filter>
    </ClCompile>
    <ClCompile Include="GDENG-2 Project\Vector3D.cpp">
      <Filter>Source Files</Filter>
    </ClCompile>
    <ClCompile Include="GDENG-2 Project\Vector4D.cpp">
      <Filter>Source Files</Filter>
    </ClCompile>
    <ClCompile Include="GDENG-2 Project\VertexBuffer.cpp">
      <Filter>Source Files</Filter>
    </ClCompile>
    <ClCompile Include="GDENG-2 Project\VertexShader.cpp">
      <Filter>Source Files</Filter>
    </ClCompile>
    <ClCompile Include="GDENG-2 Project\Viewport.cpp">
      <Filter>Source Files</Filter>
    </ClCompile>
    <ClCompile Include="GDENG-2 Project\Window.cpp">
      <Filter>Source Files</Filter>
    </ClCompile>
    <ClCompile Include="GDENG-2 Project\main.cpp">
      <Filter>Source Files</Filter>
    </ClCompile>
    <ClCompile Include="GDENG-2 Project\GameObjectManager.cpp">
      <Filter>Source Files</Filter>
    </ClCompile>
  </ItemGroup>
</Project>