<?xml version="1.0" encoding="utf-8"?>
<Project ToolsVersion="4.0" xmlns="http://schemas.microsoft.com/developer/msbuild/2003">
  <ItemGroup>
    <Filter Include="GDENG-2 Project">
      <UniqueIdentifier>{20FA1509-8C85-83CD-9596-06C201A1DFCD}</UniqueIdentifier>
    </Filter>
    <Filter Include="GDENG-2 Project\Component">
      <UniqueIdentifier>{82FADEDA-EEBC-1265-376D-A1F1A36EEB42}</UniqueIdentifier>
    </Filter>
    <Filter Include="GDENG-2 Project\GameObject">
      <UniqueIdentifier>{A020DE4D-8C30-8A1E-F5E9-EE3CE11879B7}</UniqueIdentifier>
    </Filter>
    <Filter Include="GDENG-2 Project\Graphics">
      <UniqueIdentifier>{6026B5FE-4C4B-047F-7596-E90E611A039D}</UniqueIdentifier>
    </Filter>
    <Filter Include="GDENG-2 Project\ImGui">
      <UniqueIdentifier>{4A877936-B6F3-3431-7FE7-CC8EEB125799}</UniqueIdentifier>
    </Filter>
    <Filter Include="GDENG-2 Project\Math">
      <UniqueIdentifier>{F9B20576-E541-8F3F-8E60-A33A7ACE9FE5}</UniqueIdentifier>
    </Filter>
    <Filter Include="GDENG-2 Project\System">
      <UniqueIdentifier>{3449EF1D-2043-1870-09B0-AE80F5487EDC}</UniqueIdentifier>
    </Filter>
    <Filter Include="GDENG-2 Project\UI">
      <UniqueIdentifier>{4D191E76-39FD-DECB-A25D-D91E8E60C94D}</UniqueIdentifier>
    </Filter>
    <Filter Include="Header Files">
      <UniqueIdentifier>{21EB8090-0D4E-1035-B6D3-48EBA215DCB7}</UniqueIdentifier>
    </Filter>
    <Filter Include="Source Files">
      <UniqueIdentifier>{E9C7FDCE-D52A-8D73-7EB0-C5296AF258F6}</UniqueIdentifier>
    </Filter>
    <Filter Include="GDENG-2 Project\Camera">
      <UniqueIdentifier>{f02b8daa-9b99-4e47-a494-98329f5b1093}</UniqueIdentifier>
    </Filter>
  </ItemGroup>
  <ItemGroup>
    <ClInclude Include="GDENG-2 Project\AppWindow.h">
      <Filter>Header Files</Filter>
    </ClInclude>
    <ClInclude Include="GDENG-2 Project\Component\AComponent.h">
      <Filter>GDENG-2 Project\Component</Filter>
    </ClInclude>
    <ClInclude Include="GDENG-2 Project\Component\RenderComponent.h">
      <Filter>GDENG-2 Project\Component</Filter>
    </ClInclude>
    <ClInclude Include="GDENG-2 Project\Component\TagComponent.h">
      <Filter>GDENG-2 Project\Component</Filter>
    </ClInclude>
    <ClInclude Include="GDENG-2 Project\Component\TransformComponent.h">
      <Filter>GDENG-2 Project\Component</Filter>
    </ClInclude>
    <ClInclude Include="GDENG-2 Project\Debug.h">
      <Filter>Header Files</Filter>
    </ClInclude>
    <ClInclude Include="GDENG-2 Project\EngineTime.h">
      <Filter>Header Files</Filter>
    </ClInclude>
    <ClInclude Include="GDENG-2 Project\GameCameraHandler.h">
      <Filter>Header Files</Filter>
    </ClInclude>
    <ClInclude Include="GDENG-2 Project\GameObject\AGameObject.h">
      <Filter>GDENG-2 Project\GameObject</Filter>
    </ClInclude>
    <ClInclude Include="GDENG-2 Project\GameObject\Camera.h">
      <Filter>GDENG-2 Project\GameObject</Filter>
    </ClInclude>
    <ClInclude Include="GDENG-2 Project\GameObject\CameraMovement.h">
      <Filter>GDENG-2 Project\GameObject</Filter>
    </ClInclude>
    <ClInclude Include="GDENG-2 Project\GameObject\Cube.h">
      <Filter>GDENG-2 Project\GameObject</Filter>
    </ClInclude>
    <ClInclude Include="GDENG-2 Project\GameObject\GameObjectManager.h">
      <Filter>GDENG-2 Project\GameObject</Filter>
    </ClInclude>
    <ClInclude Include="GDENG-2 Project\Graphics\ConstantBuffer.h">
      <Filter>GDENG-2 Project\Graphics</Filter>
    </ClInclude>
    <ClInclude Include="GDENG-2 Project\Graphics\DeviceContext.h">
      <Filter>GDENG-2 Project\Graphics</Filter>
    </ClInclude>
    <ClInclude Include="GDENG-2 Project\Graphics\Framebuffer.h">
      <Filter>GDENG-2 Project\Graphics</Filter>
    </ClInclude>
    <ClInclude Include="GDENG-2 Project\Graphics\GraphicsEngine.h">
      <Filter>GDENG-2 Project\Graphics</Filter>
    </ClInclude>
    <ClInclude Include="GDENG-2 Project\Graphics\HalfRenderQuad.h">
      <Filter>GDENG-2 Project\Graphics</Filter>
    </ClInclude>
    <ClInclude Include="GDENG-2 Project\Graphics\IndexBuffer.h">
      <Filter>GDENG-2 Project\Graphics</Filter>
    </ClInclude>
    <ClInclude Include="GDENG-2 Project\Graphics\PixelShader.h">
      <Filter>GDENG-2 Project\Graphics</Filter>
    </ClInclude>
    <ClInclude Include="GDENG-2 Project\Graphics\Primitive.h">
      <Filter>GDENG-2 Project\Graphics</Filter>
    </ClInclude>
    <ClInclude Include="GDENG-2 Project\Graphics\RenderQuad.h">
      <Filter>GDENG-2 Project\Graphics</Filter>
    </ClInclude>
    <ClInclude Include="GDENG-2 Project\Graphics\ShaderLibrary.h">
      <Filter>GDENG-2 Project\Graphics</Filter>
    </ClInclude>
    <ClInclude Include="GDENG-2 Project\Graphics\SwapChain.h">
      <Filter>GDENG-2 Project\Graphics</Filter>
    </ClInclude>
    <ClInclude Include="GDENG-2 Project\Graphics\VertexBuffer.h">
      <Filter>GDENG-2 Project\Graphics</Filter>
    </ClInclude>
    <ClInclude Include="GDENG-2 Project\Graphics\VertexShader.h">
      <Filter>GDENG-2 Project\Graphics</Filter>
    </ClInclude>
    <ClInclude Include="GDENG-2 Project\ImGui\imconfig.h">
      <Filter>GDENG-2 Project\ImGui</Filter>
    </ClInclude>
    <ClInclude Include="GDENG-2 Project\ImGui\imgui.h">
      <Filter>GDENG-2 Project\ImGui</Filter>
    </ClInclude>
    <ClInclude Include="GDENG-2 Project\ImGui\imgui_impl_dx11.h">
      <Filter>GDENG-2 Project\ImGui</Filter>
    </ClInclude>
    <ClInclude Include="GDENG-2 Project\ImGui\imgui_impl_win32.h">
      <Filter>GDENG-2 Project\ImGui</Filter>
    </ClInclude>
    <ClInclude Include="GDENG-2 Project\ImGui\imgui_internal.h">
      <Filter>GDENG-2 Project\ImGui</Filter>
    </ClInclude>
    <ClInclude Include="GDENG-2 Project\ImGui\imstb_rectpack.h">
      <Filter>GDENG-2 Project\ImGui</Filter>
    </ClInclude>
    <ClInclude Include="GDENG-2 Project\ImGui\imstb_textedit.h">
      <Filter>GDENG-2 Project\ImGui</Filter>
    </ClInclude>
    <ClInclude Include="GDENG-2 Project\ImGui\imstb_truetype.h">
      <Filter>GDENG-2 Project\ImGui</Filter>
    </ClInclude>
    <ClInclude Include="GDENG-2 Project\InputListener.h">
      <Filter>Header Files</Filter>
    </ClInclude>
    <ClInclude Include="GDENG-2 Project\InputSystem.h">
      <Filter>Header Files</Filter>
    </ClInclude>
    <ClInclude Include="GDENG-2 Project\Math\Color.h">
      <Filter>GDENG-2 Project\Math</Filter>
    </ClInclude>
    <ClInclude Include="GDENG-2 Project\Math\Mathf.h">
      <Filter>GDENG-2 Project\Math</Filter>
    </ClInclude>
    <ClInclude Include="GDENG-2 Project\Math\Matrix4.h">
      <Filter>GDENG-2 Project\Math</Filter>
    </ClInclude>
    <ClInclude Include="GDENG-2 Project\Math\Matrix4x4.h">
      <Filter>GDENG-2 Project\Math</Filter>
    </ClInclude>
    <ClInclude Include="GDENG-2 Project\Math\Random.h">
      <Filter>GDENG-2 Project\Math</Filter>
    </ClInclude>
    <ClInclude Include="GDENG-2 Project\Math\Vector2D.h">
      <Filter>GDENG-2 Project\Math</Filter>
    </ClInclude>
    <ClInclude Include="GDENG-2 Project\Math\Vector3D.h">
      <Filter>GDENG-2 Project\Math</Filter>
    </ClInclude>
    <ClInclude Include="GDENG-2 Project\Math\Vector4D.h">
      <Filter>GDENG-2 Project\Math</Filter>
    </ClInclude>
    <ClInclude Include="GDENG-2 Project\Point.h">
      <Filter>Header Files</Filter>
    </ClInclude>
    <ClInclude Include="GDENG-2 Project\RenderData.h">
      <Filter>Header Files</Filter>
    </ClInclude>
    <ClInclude Include="GDENG-2 Project\SceneCameraHandler.h">
      <Filter>Header Files</Filter>
    </ClInclude>
    <ClInclude Include="GDENG-2 Project\System\RenderSystem.h">
      <Filter>GDENG-2 Project\System</Filter>
    </ClInclude>
    <ClInclude Include="GDENG-2 Project\System\SystemHandler.h">
      <Filter>GDENG-2 Project\System</Filter>
    </ClInclude>
    <ClInclude Include="GDENG-2 Project\System\TagSystem.h">
      <Filter>GDENG-2 Project\System</Filter>
    </ClInclude>
    <ClInclude Include="GDENG-2 Project\System\TransformSystem.h">
      <Filter>GDENG-2 Project\System</Filter>
    </ClInclude>
    <ClInclude Include="GDENG-2 Project\UI\AUIScreen.h">
      <Filter>GDENG-2 Project\UI</Filter>
    </ClInclude>
    <ClInclude Include="GDENG-2 Project\UI\AViewportScreen.h">
      <Filter>GDENG-2 Project\UI</Filter>
    </ClInclude>
    <ClInclude Include="GDENG-2 Project\UI\CreditsScreen.h">
      <Filter>GDENG-2 Project\UI</Filter>
    </ClInclude>
    <ClInclude Include="GDENG-2 Project\UI\EditorViewportScreen.h">
      <Filter>GDENG-2 Project\UI</Filter>
    </ClInclude>
    <ClInclude Include="GDENG-2 Project\UI\GameViewportScreen.h">
      <Filter>GDENG-2 Project\UI</Filter>
    </ClInclude>
    <ClInclude Include="GDENG-2 Project\UI\HierarchyScreen.h">
      <Filter>GDENG-2 Project\UI</Filter>
    </ClInclude>
    <ClInclude Include="GDENG-2 Project\UI\InspectorScreen.h">
      <Filter>GDENG-2 Project\UI</Filter>
    </ClInclude>
    <ClInclude Include="GDENG-2 Project\UI\MenuScreen.h">
      <Filter>GDENG-2 Project\UI</Filter>
    </ClInclude>
    <ClInclude Include="GDENG-2 Project\UI\ProfilerScreen.h">
      <Filter>GDENG-2 Project\UI</Filter>
    </ClInclude>
    <ClInclude Include="GDENG-2 Project\UI\UIManager.h">
      <Filter>GDENG-2 Project\UI</Filter>
    </ClInclude>
    <ClInclude Include="GDENG-2 Project\UI\UINames.h">
      <Filter>GDENG-2 Project\UI</Filter>
    </ClInclude>
    <ClInclude Include="GDENG-2 Project\Utils.h">
      <Filter>Header Files</Filter>
    </ClInclude>
    <ClInclude Include="GDENG-2 Project\Window.h">
      <Filter>Header Files</Filter>
    </ClInclude>
    <ClInclude Include="EditorCamera.h">
      <Filter>GDENG-2 Project\Camera</Filter>
    </ClInclude>
    <ClInclude Include="GameCamera.h" />
  </ItemGroup>
  <ItemGroup>
    <ClCompile Include="GDENG-2 Project\AppWindow.cpp">
      <Filter>Source Files</Filter>
    </ClCompile>
    <ClCompile Include="GDENG-2 Project\Component\AComponent.cpp">
      <Filter>GDENG-2 Project\Component</Filter>
    </ClCompile>
    <ClCompile Include="GDENG-2 Project\Component\RenderComponent.cpp">
      <Filter>GDENG-2 Project\Component</Filter>
    </ClCompile>
    <ClCompile Include="GDENG-2 Project\Component\TagComponent.cpp">
      <Filter>GDENG-2 Project\Component</Filter>
    </ClCompile>
    <ClCompile Include="GDENG-2 Project\Component\TransformComponent.cpp">
      <Filter>GDENG-2 Project\Component</Filter>
    </ClCompile>
    <ClCompile Include="GDENG-2 Project\Debug.cpp">
      <Filter>Source Files</Filter>
    </ClCompile>
    <ClCompile Include="GDENG-2 Project\EngineTime.cpp">
      <Filter>Source Files</Filter>
    </ClCompile>
    <ClCompile Include="GDENG-2 Project\GameCameraHandler.cpp">
      <Filter>Source Files</Filter>
    </ClCompile>
    <ClCompile Include="GDENG-2 Project\GameObject\AGameObject.cpp">
      <Filter>GDENG-2 Project\GameObject</Filter>
    </ClCompile>
    <ClCompile Include="GDENG-2 Project\GameObject\Camera.cpp">
      <Filter>GDENG-2 Project\GameObject</Filter>
    </ClCompile>
    <ClCompile Include="GDENG-2 Project\GameObject\CameraMovement.cpp">
      <Filter>GDENG-2 Project\GameObject</Filter>
    </ClCompile>
    <ClCompile Include="GDENG-2 Project\GameObject\Cube.cpp">
      <Filter>GDENG-2 Project\GameObject</Filter>
    </ClCompile>
    <ClCompile Include="GDENG-2 Project\GameObject\GameObjectManager.cpp">
      <Filter>GDENG-2 Project\GameObject</Filter>
    </ClCompile>
    <ClCompile Include="GDENG-2 Project\Graphics\ConstantBuffer.cpp">
      <Filter>GDENG-2 Project\Graphics</Filter>
    </ClCompile>
    <ClCompile Include="GDENG-2 Project\Graphics\DeviceContext.cpp">
      <Filter>GDENG-2 Project\Graphics</Filter>
    </ClCompile>
    <ClCompile Include="GDENG-2 Project\Graphics\Framebuffer.cpp">
      <Filter>GDENG-2 Project\Graphics</Filter>
    </ClCompile>
    <ClCompile Include="GDENG-2 Project\Graphics\GraphicsEngine.cpp">
      <Filter>GDENG-2 Project\Graphics</Filter>
    </ClCompile>
    <ClCompile Include="GDENG-2 Project\Graphics\HalfRenderQuad.cpp">
      <Filter>GDENG-2 Project\Graphics</Filter>
    </ClCompile>
    <ClCompile Include="GDENG-2 Project\Graphics\IndexBuffer.cpp">
      <Filter>GDENG-2 Project\Graphics</Filter>
    </ClCompile>
    <ClCompile Include="GDENG-2 Project\Graphics\PixelShader.cpp">
      <Filter>GDENG-2 Project\Graphics</Filter>
    </ClCompile>
    <ClCompile Include="GDENG-2 Project\Graphics\Primitive.cpp">
      <Filter>GDENG-2 Project\Graphics</Filter>
    </ClCompile>
    <ClCompile Include="GDENG-2 Project\Graphics\RenderQuad.cpp">
      <Filter>GDENG-2 Project\Graphics</Filter>
    </ClCompile>
    <ClCompile Include="GDENG-2 Project\Graphics\ShaderLibrary.cpp">
      <Filter>GDENG-2 Project\Graphics</Filter>
    </ClCompile>
    <ClCompile Include="GDENG-2 Project\Graphics\SwapChain.cpp">
      <Filter>GDENG-2 Project\Graphics</Filter>
    </ClCompile>
    <ClCompile Include="GDENG-2 Project\Graphics\VertexBuffer.cpp">
      <Filter>GDENG-2 Project\Graphics</Filter>
    </ClCompile>
    <ClCompile Include="GDENG-2 Project\Graphics\VertexShader.cpp">
      <Filter>GDENG-2 Project\Graphics</Filter>
    </ClCompile>
    <ClCompile Include="GDENG-2 Project\ImGui\imgui.cpp">
      <Filter>GDENG-2 Project\ImGui</Filter>
    </ClCompile>
    <ClCompile Include="GDENG-2 Project\ImGui\imgui_demo.cpp">
      <Filter>GDENG-2 Project\ImGui</Filter>
    </ClCompile>
    <ClCompile Include="GDENG-2 Project\ImGui\imgui_draw.cpp">
      <Filter>GDENG-2 Project\ImGui</Filter>
    </ClCompile>
    <ClCompile Include="GDENG-2 Project\ImGui\imgui_impl_dx11.cpp">
      <Filter>GDENG-2 Project\ImGui</Filter>
    </ClCompile>
    <ClCompile Include="GDENG-2 Project\ImGui\imgui_impl_win32.cpp">
      <Filter>GDENG-2 Project\ImGui</Filter>
    </ClCompile>
    <ClCompile Include="GDENG-2 Project\ImGui\imgui_tables.cpp">
      <Filter>GDENG-2 Project\ImGui</Filter>
    </ClCompile>
    <ClCompile Include="GDENG-2 Project\ImGui\imgui_widgets.cpp">
      <Filter>GDENG-2 Project\ImGui</Filter>
    </ClCompile>
    <ClCompile Include="GDENG-2 Project\InputSystem.cpp">
      <Filter>Source Files</Filter>
    </ClCompile>
    <ClCompile Include="GDENG-2 Project\Math\Color.cpp">
      <Filter>GDENG-2 Project\Math</Filter>
    </ClCompile>
    <ClCompile Include="GDENG-2 Project\Math\Mathf.cpp">
      <Filter>GDENG-2 Project\Math</Filter>
    </ClCompile>
    <ClCompile Include="GDENG-2 Project\Math\Matrix4.cpp">
      <Filter>GDENG-2 Project\Math</Filter>
    </ClCompile>
    <ClCompile Include="GDENG-2 Project\Math\Matrix4x4.cpp">
      <Filter>GDENG-2 Project\Math</Filter>
    </ClCompile>
    <ClCompile Include="GDENG-2 Project\Math\Random.cpp">
      <Filter>GDENG-2 Project\Math</Filter>
    </ClCompile>
    <ClCompile Include="GDENG-2 Project\Math\Vector2D.cpp">
      <Filter>GDENG-2 Project\Math</Filter>
    </ClCompile>
    <ClCompile Include="GDENG-2 Project\Math\Vector3D.cpp">
      <Filter>GDENG-2 Project\Math</Filter>
    </ClCompile>
    <ClCompile Include="GDENG-2 Project\Math\Vector4D.cpp">
      <Filter>GDENG-2 Project\Math</Filter>
    </ClCompile>
    <ClCompile Include="GDENG-2 Project\Point.cpp">
      <Filter>Source Files</Filter>
    </ClCompile>
    <ClCompile Include="GDENG-2 Project\SceneCameraHandler.cpp">
      <Filter>Source Files</Filter>
    </ClCompile>
    <ClCompile Include="GDENG-2 Project\System\RenderSystem.cpp">
      <Filter>GDENG-2 Project\System</Filter>
    </ClCompile>
    <ClCompile Include="GDENG-2 Project\System\SystemHandler.cpp">
      <Filter>GDENG-2 Project\System</Filter>
    </ClCompile>
    <ClCompile Include="GDENG-2 Project\System\TagSystem.cpp">
      <Filter>GDENG-2 Project\System</Filter>
    </ClCompile>
    <ClCompile Include="GDENG-2 Project\System\TransformSystem.cpp">
      <Filter>GDENG-2 Project\System</Filter>
    </ClCompile>
    <ClCompile Include="GDENG-2 Project\UI\AUIScreen.cpp">
      <Filter>GDENG-2 Project\UI</Filter>
    </ClCompile>
    <ClCompile Include="GDENG-2 Project\UI\AViewportScreen.cpp">
      <Filter>GDENG-2 Project\UI</Filter>
    </ClCompile>
    <ClCompile Include="GDENG-2 Project\UI\CreditsScreen.cpp">
      <Filter>GDENG-2 Project\UI</Filter>
    </ClCompile>
    <ClCompile Include="GDENG-2 Project\UI\EditorViewportScreen.cpp">
      <Filter>GDENG-2 Project\UI</Filter>
    </ClCompile>
    <ClCompile Include="GDENG-2 Project\UI\GameViewportScreen.cpp">
      <Filter>GDENG-2 Project\UI</Filter>
    </ClCompile>
    <ClCompile Include="GDENG-2 Project\UI\HierarchyScreen.cpp">
      <Filter>GDENG-2 Project\UI</Filter>
    </ClCompile>
    <ClCompile Include="GDENG-2 Project\UI\InspectorScreen.cpp">
      <Filter>GDENG-2 Project\UI</Filter>
    </ClCompile>
    <ClCompile Include="GDENG-2 Project\UI\MenuScreen.cpp">
      <Filter>GDENG-2 Project\UI</Filter>
    </ClCompile>
    <ClCompile Include="GDENG-2 Project\UI\ProfilerScreen.cpp">
      <Filter>GDENG-2 Project\UI</Filter>
    </ClCompile>
    <ClCompile Include="GDENG-2 Project\UI\UIManager.cpp">
      <Filter>GDENG-2 Project\UI</Filter>
    </ClCompile>
    <ClCompile Include="GDENG-2 Project\Utils.cpp">
      <Filter>Source Files</Filter>
    </ClCompile>
    <ClCompile Include="GDENG-2 Project\Window.cpp">
      <Filter>Source Files</Filter>
    </ClCompile>
    <ClCompile Include="GDENG-2 Project\main.cpp">
      <Filter>Source Files</Filter>
    </ClCompile>
    <ClCompile Include="EditorCamera.cpp">
      <Filter>GDENG-2 Project\Camera</Filter>
    </ClCompile>
    <ClCompile Include="GameCamera.cpp" />
  </ItemGroup>
</Project>